{
    "name": "stand-bot-template",
    "version": "1.0.0",
    "lockfileVersion": 3,
    "requires": true,
    "packages": {
      "": {
        "name": "stand-bot-template",
        "version": "1.0.0",
        "license": "MIT",
        "dependencies": {
          "axios": "^1.5.0",
          "bip39": "^3.1.0",
          "dotenv": "^16.3.1",
          "ethers": "^6.7.1",
          "socks-proxy-agent": "^8.0.2",
          "user-agents": "^1.1.647"
        }
      },
      "node_modules/@adraffy/ens-normalize": {
        "version": "1.10.1",
        "resolved": "https://npm.poizon.com/@adraffy%2fens-normalize/-/ens-normalize-1.10.1.tgz",
        "integrity": "sha512-96Z2IP3mYmF1Xg2cDm8f1gWGf/HUVedQ3FMifV4kG/PQ4yEP51xDtRAEfhVNt5f/uzpNkZHwWQuUcu6D6K+Ekw==",
        "license": "MIT"
      },
      "node_modules/@noble/curves": {
        "version": "1.2.0",
        "resolved": "https://npm.poizon.com/@noble%2fcurves/-/curves-1.2.0.tgz",
        "integrity": "sha512-oYclrNgRaM9SsBUBVbb8M6DTV7ZHRTKugureoYEncY5c65HOmRzvSiTE3y5CYaPYJA/GVkrhXEoF0M3Ya9PMnw==",
        "license": "MIT",
        "dependencies": {
          "@noble/hashes": "1.3.2"
        },
        "funding": {
          "url": "https://paulmillr.com/funding/"
        }
      },
      "node_modules/@noble/curves/node_modules/@noble/hashes": {
        "version": "1.3.2",
        "resolved": "https://npm.poizon.com/@noble%2fhashes/-/hashes-1.3.2.tgz",
        "integrity": "sha512-MVC8EAQp7MvEcm30KWENFjgR+Mkmf+D189XJTkFIlwohU5hcBbn1ZkKq7KVTi2Hme3PMGF390DaL52beVrIihQ==",
        "license": "MIT",
        "engines": {
          "node": ">= 16"
        },
        "funding": {
          "url": "https://paulmillr.com/funding/"
        }
      },
      "node_modules/@noble/hashes": {
        "version": "1.8.0",
        "resolved": "https://npm.poizon.com/@noble%2fhashes/-/hashes-1.8.0.tgz",
        "integrity": "sha512-jCs9ldd7NwzpgXDIf6P3+NrHh9/sD6CQdxHyjQI+h/6rDNo88ypBxxz45UDuZHz9r3tNz7N/VInSVoVdtXEI4A==",
        "license": "MIT",
        "engines": {
          "node": "^14.21.3 || >=16"
        },
        "funding": {
          "url": "https://paulmillr.com/funding/"
        }
      },
      "node_modules/@types/node": {
        "version": "22.7.5",
        "resolved": "https://npm.poizon.com/@types%2fnode/-/node-22.7.5.tgz",
        "integrity": "sha512-jML7s2NAzMWc//QSJ1a3prpk78cOPchGvXJsC3C6R6PSMoooztvRVQEz89gmBTBY1SPMaqo5teB4uNHPdetShQ==",
        "license": "MIT",
        "dependencies": {
          "undici-types": "~6.19.2"
        }
      },
      "node_modules/aes-js": {
        "version": "4.0.0-beta.5",
        "resolved": "https://npm.poizon.com/aes-js/-/aes-js-4.0.0-beta.5.tgz",
        "integrity": "sha512-G965FqalsNyrPqgEGON7nIx1e/OVENSgiEIzyC63haUMuvNnwIgIjMs52hlTCKhkBny7A2ORNlfY9Zu+jmGk1Q==",
        "license": "MIT"
      },
      "node_modules/agent-base": {
        "version": "7.1.4",
        "resolved": "https://npm.poizon.com/agent-base/-/agent-base-7.1.4.tgz",
        "integrity": "sha512-MnA+YT8fwfJPgBx3m60MNqakm30XOkyIoH1y6huTQvC0PwZG7ki8NacLBcrPbNoo8vEZy7Jpuk7+jMO+CUovTQ==",
        "license": "MIT",
        "engines": {
          "node": ">= 14"
        }
      },
      "node_modules/asynckit": {
        "version": "0.4.0",
        "resolved": "https://npm.poizon.com/asynckit/-/asynckit-0.4.0.tgz",
        "integrity": "sha1-x57Zf380y48robyXkLzDZkdLS3k=",
        "license": "MIT"
      },
      "node_modules/axios": {
        "version": "1.11.0",
        "resolved": "https://npm.poizon.com/axios/-/axios-1.11.0.tgz",
        "integrity": "sha512-1Lx3WLFQWm3ooKDYZD1eXmoGO9fxYQjrycfHFC8P0sCfQVXyROp0p9PFWBehewBOdCwHc+f/b8I0fMto5eSfwA==",
        "license": "MIT",
        "dependencies": {
          "follow-redirects": "^1.15.6",
          "form-data": "^4.0.4",
          "proxy-from-env": "^1.1.0"
        }
      },
      "node_modules/bip39": {
        "version": "3.1.0",
        "resolved": "https://npm.poizon.com/bip39/-/bip39-3.1.0.tgz",
        "integrity": "sha512-c9kiwdk45Do5GL0vJMe7tS95VjCii65mYAH7DfWl3uW8AVzXKQVUm64i3hzVybBDMp9r7j9iNxR85+ul8MdN/A==",
        "license": "ISC",
        "dependencies": {
          "@noble/hashes": "^1.2.0"
        }
      },
      "node_modules/call-bind-apply-helpers": {
        "version": "1.0.2",
        "resolved": "https://npm.poizon.com/call-bind-apply-helpers/-/call-bind-apply-helpers-1.0.2.tgz",
        "integrity": "sha512-Sp1ablJ0ivDkSzjcaJdxEunN5/XvksFJ2sMBFfq6x0ryhQV/2b/KwFe21cMpmHtPOSij8K99/wSfoEuTObmuMQ==",
        "license": "MIT",
        "dependencies": {
          "es-errors": "^1.3.0",
          "function-bind": "^1.1.2"
        },
        "engines": {
          "node": ">= 0.4"
        }
      },
      "node_modules/combined-stream": {
        "version": "1.0.8",
        "resolved": "https://npm.poizon.com/combined-stream/-/combined-stream-1.0.8.tgz",
        "integrity": "sha1-w9RaizT9cwYxoRCoolIGgrMdWn8=",
        "license": "MIT",
        "dependencies": {
          "delayed-stream": "~1.0.0"
        },
        "engines": {
          "node": ">= 0.8"
        }
      },
      "node_modules/debug": {
        "version": "4.4.1",
        "resolved": "https://npm.poizon.com/debug/-/debug-4.4.1.tgz",
        "integrity": "sha512-KcKCqiftBJcZr++7ykoDIEwSa3XWowTfNPo92BYxjXiyYEVrUQh2aLyhxBCwww+heortUFxEJYcRzosstTEBYQ==",
        "license": "MIT",
        "dependencies": {
          "ms": "^2.1.3"
        },
        "engines": {
          "node": ">=6.0"
        },
        "peerDependenciesMeta": {
          "supports-color": {
            "optional": true
          }
        }
      },
      "node_modules/delayed-stream": {
        "version": "1.0.0",
        "resolved": "https://npm.poizon.com/delayed-stream/-/delayed-stream-1.0.0.tgz",
        "integrity": "sha1-3zrhmayt+31ECqrgsp4icrJOxhk=",
        "license": "MIT",
        "engines": {
          "node": ">=0.4.0"
        }
      },
      "node_modules/dotenv": {
        "version": "16.6.1",
        "resolved": "https://npm.poizon.com/dotenv/-/dotenv-16.6.1.tgz",
        "integrity": "sha512-uBq4egWHTcTt33a72vpSG0z3HnPuIl6NqYcTrKEg2azoEyl2hpW0zqlxysq2pK9HlDIHyHyakeYaYnSAwd8bow==",
        "license": "BSD-2-Clause",
        "engines": {
          "node": ">=12"
        },
        "funding": {
          "url": "https://dotenvx.com"
        }
      },
      "node_modules/dunder-proto": {
        "version": "1.0.1",
        "resolved": "https://npm.poizon.com/dunder-proto/-/dunder-proto-1.0.1.tgz",
        "integrity": "sha512-KIN/nDJBQRcXw0MLVhZE9iQHmG68qAVIBg9CqmUYjmQIhgij9U5MFvrqkUL5FbtyyzZuOeOt0zdeRe4UY7ct+A==",
        "license": "MIT",
        "dependencies": {
          "call-bind-apply-helpers": "^1.0.1",
          "es-errors": "^1.3.0",
          "gopd": "^1.2.0"
        },
        "engines": {
          "node": ">= 0.4"
        }
      },
      "node_modules/es-define-property": {
        "version": "1.0.1",
        "resolved": "https://npm.poizon.com/es-define-property/-/es-define-property-1.0.1.tgz",
        "integrity": "sha512-e3nRfgfUZ4rNGL232gUgX06QNyyez04KdjFrF+LTRoOXmrOgFKDg4BCdsjW8EnT69eqdYGmRpJwiPVYNrCaW3g==",
        "license": "MIT",
        "engines": {
          "node": ">= 0.4"
        }
      },
      "node_modules/es-errors": {
        "version": "1.3.0",
        "resolved": "https://npm.poizon.com/es-errors/-/es-errors-1.3.0.tgz",
        "integrity": "sha512-Zf5H2Kxt2xjTvbJvP2ZWLEICxA6j+hAmMzIlypy4xcBg1vKVnx89Wy0GbS+kf5cwCVFFzdCFh2XSCFNULS6csw==",
        "license": "MIT",
        "engines": {
          "node": ">= 0.4"
        }
      },
      "node_modules/es-object-atoms": {
        "version": "1.1.1",
        "resolved": "https://npm.poizon.com/es-object-atoms/-/es-object-atoms-1.1.1.tgz",
        "integrity": "sha512-FGgH2h8zKNim9ljj7dankFPcICIK9Cp5bm+c2gQSYePhpaG5+esrLODihIorn+Pe6FGJzWhXQotPv73jTaldXA==",
        "license": "MIT",
        "dependencies": {
          "es-errors": "^1.3.0"
        },
        "engines": {
          "node": ">= 0.4"
        }
      },
      "node_modules/es-set-tostringtag": {
        "version": "2.1.0",
        "resolved": "https://npm.poizon.com/es-set-tostringtag/-/es-set-tostringtag-2.1.0.tgz",
        "integrity": "sha512-j6vWzfrGVfyXxge+O0x5sh6cvxAog0a/4Rdd2K36zCMV5eJ+/+tOAngRO8cODMNWbVRdVlmGZQL2YS3yR8bIUA==",
        "license": "MIT",
        "dependencies": {
          "es-errors": "^1.3.0",
          "get-intrinsic": "^1.2.6",
          "has-tostringtag": "^1.0.2",
          "hasown": "^2.0.2"
        },
        "engines": {
          "node": ">= 0.4"
        }
      },
      "node_modules/ethers": {
        "version": "6.15.0",
        "resolved": "https://npm.poizon.com/ethers/-/ethers-6.15.0.tgz",
        "integrity": "sha512-Kf/3ZW54L4UT0pZtsY/rf+EkBU7Qi5nnhonjUb8yTXcxH3cdcWrV2cRyk0Xk/4jK6OoHhxxZHriyhje20If2hQ==",
        "funding": [
          {
            "type": "individual",
            "url": "https://github.com/sponsors/ethers-io/"
          },
          {
            "type": "individual",
            "url": "https://www.buymeacoffee.com/ricmoo"
          }
        ],
        "license": "MIT",
        "dependencies": {
          "@adraffy/ens-normalize": "1.10.1",
          "@noble/curves": "1.2.0",
          "@noble/hashes": "1.3.2",
          "@types/node": "22.7.5",
          "aes-js": "4.0.0-beta.5",
          "tslib": "2.7.0",
          "ws": "8.17.1"
        },
        "engines": {
          "node": ">=14.0.0"
        }
      },
      "node_modules/ethers/node_modules/@noble/hashes": {
        "version": "1.3.2",
        "resolved": "https://npm.poizon.com/@noble%2fhashes/-/hashes-1.3.2.tgz",
        "integrity": "sha512-MVC8EAQp7MvEcm30KWENFjgR+Mkmf+D189XJTkFIlwohU5hcBbn1ZkKq7KVTi2Hme3PMGF390DaL52beVrIihQ==",
        "license": "MIT",
        "engines": {
          "node": ">= 16"
        },
        "funding": {
          "url": "https://paulmillr.com/funding/"
        }
      },
      "node_modules/follow-redirects": {
        "version": "1.15.11",
        "resolved": "https://npm.poizon.com/follow-redirects/-/follow-redirects-1.15.11.tgz",
        "integrity": "sha512-deG2P0JfjrTxl50XGCDyfI97ZGVCxIpfKYmfyrQ54n5FO/0gfIES8C/Psl6kWVDolizcaaxZJnTS0QSMxvnsBQ==",
        "funding": [
          {
            "type": "individual",
            "url": "https://github.com/sponsors/RubenVerborgh"
          }
        ],
        "license": "MIT",
        "engines": {
          "node": ">=4.0"
        },
        "peerDependenciesMeta": {
          "debug": {
            "optional": true
          }
        }
      },
      "node_modules/form-data": {
        "version": "4.0.4",
        "resolved": "https://npm.poizon.com/form-data/-/form-data-4.0.4.tgz",
        "integrity": "sha512-KrGhL9Q4zjj0kiUt5OO4Mr/A/jlI2jDYs5eHBpYHPcBEVSiipAvn2Ko2HnPe20rmcuuvMHNdZFp+4IlGTMF0Ow==",
        "license": "MIT",
        "dependencies": {
          "asynckit": "^0.4.0",
          "combined-stream": "^1.0.8",
          "es-set-tostringtag": "^2.1.0",
          "hasown": "^2.0.2",
          "mime-types": "^2.1.12"
        },
        "engines": {
          "node": ">= 6"
        }
      },
      "node_modules/function-bind": {
        "version": "1.1.2",
        "resolved": "https://npm.poizon.com/function-bind/-/function-bind-1.1.2.tgz",
        "integrity": "sha512-7XHNxH7qX9xG5mIwxkhumTox/MIRNcOgDrxWsMt2pAr23WHp6MrRlN7FBSFpCpr+oVO0F744iUgR82nJMfG2SA==",
        "license": "MIT",
        "funding": {
          "url": "https://github.com/sponsors/ljharb"
        }
      },
      "node_modules/get-intrinsic": {
        "version": "1.3.0",
        "resolved": "https://npm.poizon.com/get-intrinsic/-/get-intrinsic-1.3.0.tgz",
        "integrity": "sha512-9fSjSaos/fRIVIp+xSJlE6lfwhES7LNtKaCBIamHsjr2na1BiABJPo0mOjjz8GJDURarmCPGqaiVg5mfjb98CQ==",
        "license": "MIT",
        "dependencies": {
          "call-bind-apply-helpers": "^1.0.2",
          "es-define-property": "^1.0.1",
          "es-errors": "^1.3.0",
          "es-object-atoms": "^1.1.1",
          "function-bind": "^1.1.2",
          "get-proto": "^1.0.1",
          "gopd": "^1.2.0",
          "has-symbols": "^1.1.0",
          "hasown": "^2.0.2",
          "math-intrinsics": "^1.1.0"
        },
        "engines": {
          "node": ">= 0.4"
        },
        "funding": {
          "url": "https://github.com/sponsors/ljharb"
        }
      },
      "node_modules/get-proto": {
        "version": "1.0.1",
        "resolved": "https://npm.poizon.com/get-proto/-/get-proto-1.0.1.tgz",
        "integrity": "sha512-sTSfBjoXBp89JvIKIefqw7U2CCebsc74kiY6awiGogKtoSGbgjYE/G/+l9sF3MWFPNc9IcoOC4ODfKHfxFmp0g==",
        "license": "MIT",
        "dependencies": {
          "dunder-proto": "^1.0.1",
          "es-object-atoms": "^1.0.0"
        },
        "engines": {
          "node": ">= 0.4"
        }
      },
      "node_modules/gopd": {
        "version": "1.2.0",
        "resolved": "https://npm.poizon.com/gopd/-/gopd-1.2.0.tgz",
        "integrity": "sha512-ZUKRh6/kUFoAiTAtTYPZJ3hw9wNxx+BIBOijnlG9PnrJsCcSjs1wyyD6vJpaYtgnzDrKYRSqf3OO6Rfa93xsRg==",
        "license": "MIT",
        "engines": {
          "node": ">= 0.4"
        },
        "funding": {
          "url": "https://github.com/sponsors/ljharb"
        }
      },
      "node_modules/has-symbols": {
        "version": "1.1.0",
        "resolved": "https://npm.poizon.com/has-symbols/-/has-symbols-1.1.0.tgz",
        "integrity": "sha512-1cDNdwJ2Jaohmb3sg4OmKaMBwuC48sYni5HUw2DvsC8LjGTLK9h+eb1X6RyuOHe4hT0ULCW68iomhjUoKUqlPQ==",
        "license": "MIT",
        "engines": {
          "node": ">= 0.4"
        },
        "funding": {
          "url": "https://github.com/sponsors/ljharb"
        }
      },
      "node_modules/has-tostringtag": {
        "version": "1.0.2",
        "resolved": "https://npm.poizon.com/has-tostringtag/-/has-tostringtag-1.0.2.tgz",
        "integrity": "sha512-NqADB8VjPFLM2V0VvHUewwwsw0ZWBaIdgo+ieHtK3hasLz4qeCRjYcqfB6AQrBggRKppKF8L52/VqdVsO47Dlw==",
        "license": "MIT",
        "dependencies": {
          "has-symbols": "^1.0.3"
        },
        "engines": {
          "node": ">= 0.4"
        },
        "funding": {
          "url": "https://github.com/sponsors/ljharb"
        }
      },
      "node_modules/hasown": {
        "version": "2.0.2",
        "resolved": "https://npm.poizon.com/hasown/-/hasown-2.0.2.tgz",
        "integrity": "sha512-0hJU9SCPvmMzIBdZFqNPXWa6dqh7WdH0cII9y+CyS8rG3nL48Bclra9HmKhVVUHyPWNH5Y7xDwAB7bfgSjkUMQ==",
        "license": "MIT",
        "dependencies": {
          "function-bind": "^1.1.2"
        },
        "engines": {
          "node": ">= 0.4"
        }
      },
      "node_modules/ip-address": {
        "version": "10.0.1",
        "resolved": "https://npm.poizon.com/ip-address/-/ip-address-10.0.1.tgz",
        "integrity": "sha512-NWv9YLW4PoW2B7xtzaS3NCot75m6nK7Icdv0o3lfMceJVRfSoQwqD4wEH5rLwoKJwUiZ/rfpiVBhnaF0FK4HoA==",
        "license": "MIT",
        "engines": {
          "node": ">= 12"
        }
      },
      "node_modules/lodash.clonedeep": {
        "version": "4.5.0",
        "resolved": "https://npm.poizon.com/lodash.clonedeep/-/lodash.clonedeep-4.5.0.tgz",
        "integrity": "sha1-4j8/nE+Pvd6HJSnBBxhXoIblzO8=",
        "license": "MIT"
      },
      "node_modules/math-intrinsics": {
        "version": "1.1.0",
        "resolved": "https://npm.poizon.com/math-intrinsics/-/math-intrinsics-1.1.0.tgz",
        "integrity": "sha512-/IXtbwEk5HTPyEwyKX6hGkYXxM9nbj64B+ilVJnC/R6B0pH5G4V3b0pVbL7DBj4tkhBAppbQUlf6F6Xl9LHu1g==",
        "license": "MIT",
        "engines": {
          "node": ">= 0.4"
        }
      },
      "node_modules/mime-db": {
        "version": "1.52.0",
        "resolved": "https://npm.poizon.com/mime-db/-/mime-db-1.52.0.tgz",
        "integrity": "sha512-sPU4uV7dYlvtWJxwwxHD0PuihVNiE7TyAbQ5SWxDCB9mUYvOgroQOwYQQOKPJ8CIbE+1ETVlOoK1UC2nU3gYvg==",
        "license": "MIT",
        "engines": {
          "node": ">= 0.6"
        }
      },
      "node_modules/mime-types": {
        "version": "2.1.35",
        "resolved": "https://npm.poizon.com/mime-types/-/mime-types-2.1.35.tgz",
        "integrity": "sha512-ZDY+bPm5zTTF+YpCrAU9nK0UgICYPT0QtT1NZWFv4s++TNkcgVaT0g6+4R2uI4MjQjzysHB1zxuWL50hzaeXiw==",
        "license": "MIT",
        "dependencies": {
          "mime-db": "1.52.0"
        },
        "engines": {
          "node": ">= 0.6"
        }
      },
      "node_modules/ms": {
        "version": "2.1.3",
        "resolved": "https://npm.poizon.com/ms/-/ms-2.1.3.tgz",
        "integrity": "sha1-V0yBOM4dK1hh8LRFedut1gxmFbI=",
        "license": "MIT"
      },
      "node_modules/proxy-from-env": {
        "version": "1.1.0",
        "resolved": "https://npm.poizon.com/proxy-from-env/-/proxy-from-env-1.1.0.tgz",
        "integrity": "sha1-4QLxbKNVQkhldV0sno6k8k1Yw+I=",
        "license": "MIT"
      },
      "node_modules/smart-buffer": {
        "version": "4.2.0",
        "resolved": "https://npm.poizon.com/smart-buffer/-/smart-buffer-4.2.0.tgz",
        "integrity": "sha1-bh1x+k8YwF99D/IW3RakgdDo2a4=",
        "license": "MIT",
        "engines": {
          "node": ">= 6.0.0",
          "npm": ">= 3.0.0"
        }
      },
      "node_modules/socks": {
        "version": "2.8.7",
        "resolved": "https://npm.poizon.com/socks/-/socks-2.8.7.tgz",
        "integrity": "sha512-HLpt+uLy/pxB+bum/9DzAgiKS8CX1EvbWxI4zlmgGCExImLdiad2iCwXT5Z4c9c3Eq8rP2318mPW2c+QbtjK8A==",
        "license": "MIT",
        "dependencies": {
          "ip-address": "^10.0.1",
          "smart-buffer": "^4.2.0"
        },
        "engines": {
          "node": ">= 10.0.0",
          "npm": ">= 3.0.0"
        }
      },
      "node_modules/socks-proxy-agent": {
        "version": "8.0.5",
        "resolved": "https://npm.poizon.com/socks-proxy-agent/-/socks-proxy-agent-8.0.5.tgz",
        "integrity": "sha512-HehCEsotFqbPW9sJ8WVYB6UbmIMv7kUUORIF2Nncq4VQvBfNBLibW9YZR5dlYCSUhwcD628pRllm7n+E+YTzJw==",
        "license": "MIT",
        "dependencies": {
          "agent-base": "^7.1.2",
          "debug": "^4.3.4",
          "socks": "^2.8.3"
        },
        "engines": {
          "node": ">= 14"
        }
      },
      "node_modules/tslib": {
        "version": "2.7.0",
        "resolved": "https://npm.poizon.com/tslib/-/tslib-2.7.0.tgz",
        "integrity": "sha512-gLXCKdN1/j47AiHiOkJN69hJmcbGTHI0ImLmbYLHykhgeN0jVGola9yVjFgzCUklsZQMW55o+dW7IXv3RCXDzA==",
        "license": "0BSD"
      },
      "node_modules/undici-types": {
        "version": "6.19.8",
        "resolved": "https://npm.poizon.com/undici-types/-/undici-types-6.19.8.tgz",
        "integrity": "sha512-ve2KP6f/JnbPBFyobGHuerC9g1FYGn/F8n1LWTwNxCEzd6IfqTwUQcNXgEtmmQ6DlRrC1hrSrBnCZPokRrDHjw==",
        "license": "MIT"
      },
      "node_modules/user-agents": {
        "version": "1.1.647",
        "resolved": "https://npm.poizon.com/user-agents/-/user-agents-1.1.647.tgz",
        "integrity": "sha512-QvqrLWEzzbDYGwXrwFhZzW3tnOqzjw/9cBEJXJy+Mq2B70mg8V0vGbW9uh7p4HzpB+2reDPlNM1mjTsHXtuiGw==",
        "license": "BSD-2-Clause",
        "dependencies": {
          "lodash.clonedeep": "^4.5.0"
        }
      },
      "node_modules/ws": {
        "version": "8.17.1",
        "resolved": "https://npm.poizon.com/ws/-/ws-8.17.1.tgz",
        "integrity": "sha512-6XQFvXTkbfUOZOKKILFG1PDK2NDQs4azKQl26T0YS5CxqWLgXajbPZ+h4gZekJyRqFU8pvnbAbbs/3TgRPy+GQ==",
        "license": "MIT",
        "engines": {
          "node": ">=10.0.0"
        },
        "peerDependencies": {
          "bufferutil": "^4.0.1",
          "utf-8-validate": ">=5.0.2"
        },
        "peerDependenciesMeta": {
          "bufferutil": {
            "optional": true
          },
          "utf-8-validate": {
            "optional": true
          }
        }
      }
    }
  }
  